
Microsoft Visual Studio Solution File, Format Version 12.00
# Visual Studio Version 16
VisualStudioVersion = 16.0.30523.141
MinimumVisualStudioVersion = 10.0.40219.1
Project("{FAE04EC0-301F-11D3-BF4B-00C04F79EFBC}") = "Diplom.Server", "Diplom\Server\Diplom.Server.csproj", "{8B7C8847-46C9-434B-8348-FE7A08611E74}"
EndProject
Project("{FAE04EC0-301F-11D3-BF4B-00C04F79EFBC}") = "Diplom.Client", "Diplom\Client\Diplom.Client.csproj", "{1FDBED4D-5AA8-4681-8638-B15E11F3F085}"
EndProject
Project("{FAE04EC0-301F-11D3-BF4B-00C04F79EFBC}") = "Diplom.Shared", "Diplom\Shared\Diplom.Shared.csproj", "{95A142DE-A1E8-4688-BCD1-2EB7FB2C180C}"
EndProject
Global
	GlobalSection(SolutionConfigurationPlatforms) = preSolution
		Debug|Any CPU = Debug|Any CPU
		Release|Any CPU = Release|Any CPU
	EndGlobalSection
	GlobalSection(ProjectConfigurationPlatforms) = postSolution
		{8B7C8847-46C9-434B-8348-FE7A08611E74}.Debug|Any CPU.ActiveCfg = Debug|Any CPU
		{8B7C8847-46C9-434B-8348-FE7A08611E74}.Debug|Any CPU.Build.0 = Debug|Any CPU
		{8B7C8847-46C9-434B-8348-FE7A08611E74}.Release|Any CPU.ActiveCfg = Release|Any CPU
		{8B7C8847-46C9-434B-8348-FE7A08611E74}.Release|Any CPU.Build.0 = Release|Any CPU
		{1FDBED4D-5AA8-4681-8638-B15E11F3F085}.Debug|Any CPU.ActiveCfg = Debug|Any CPU
		{1FDBED4D-5AA8-4681-8638-B15E11F3F085}.Debug|Any CPU.Build.0 = Debug|Any CPU
		{1FDBED4D-5AA8-4681-8638-B15E11F3F085}.Release|Any CPU.ActiveCfg = Release|Any CPU
		{1FDBED4D-5AA8-4681-8638-B15E11F3F085}.Release|Any CPU.Build.0 = Release|Any CPU
		{95A142DE-A1E8-4688-BCD1-2EB7FB2C180C}.Debug|Any CPU.ActiveCfg = Debug|Any CPU
		{95A142DE-A1E8-4688-BCD1-2EB7FB2C180C}.Debug|Any CPU.Build.0 = Debug|Any CPU
		{95A142DE-A1E8-4688-BCD1-2EB7FB2C180C}.Release|Any CPU.ActiveCfg = Release|Any CPU
		{95A142DE-A1E8-4688-BCD1-2EB7FB2C180C}.Release|Any CPU.Build.0 = Release|Any CPU
	EndGlobalSection
	GlobalSection(SolutionProperties) = preSolution
		HideSolutionNode = FALSE
	EndGlobalSection
	GlobalSection(ExtensibilityGlobals) = postSolution
		SolutionGuid = {B3E92758-7A4A-478D-8352-4BF2E44359C0}
	EndGlobalSection
EndGlobal
